
Microsoft Visual Studio Solution File, Format Version 12.00
# Visual Studio Version 16
VisualStudioVersion = 16.0.30204.135
MinimumVisualStudioVersion = 10.0.40219.1
Project("{FAE04EC0-301F-11D3-BF4B-00C04F79EFBC}") = "doag", "doag\doag.csproj", "{59DCBD55-1041-4B58-ABB6-4AC0C74049AD}"
EndProject
Global
	GlobalSection(SolutionConfigurationPlatforms) = preSolution
		Debug|Any CPU = Debug|Any CPU
		Release|Any CPU = Release|Any CPU
	EndGlobalSection
	GlobalSection(ProjectConfigurationPlatforms) = postSolution
		{59DCBD55-1041-4B58-ABB6-4AC0C74049AD}.Debug|Any CPU.ActiveCfg = Debug|Any CPU
		{59DCBD55-1041-4B58-ABB6-4AC0C74049AD}.Debug|Any CPU.Build.0 = Debug|Any CPU
		{59DCBD55-1041-4B58-ABB6-4AC0C74049AD}.Release|Any CPU.ActiveCfg = Release|Any CPU
		{59DCBD55-1041-4B58-ABB6-4AC0C74049AD}.Release|Any CPU.Build.0 = Release|Any CPU
	EndGlobalSection
	GlobalSection(SolutionProperties) = preSolution
		HideSolutionNode = FALSE
	EndGlobalSection
	GlobalSection(ExtensibilityGlobals) = postSolution
		SolutionGuid = {4DDE7D6F-F2C1-4D16-A667-B71D80216CAC}
	EndGlobalSection
EndGlobal
